
Microsoft Visual Studio Solution File, Format Version 12.00
# Visual Studio Version 17
VisualStudioVersion = 17.5.33516.290
MinimumVisualStudioVersion = 10.0.40219.1
Project("{FAE04EC0-301F-11D3-BF4B-00C04F79EFBC}") = "ConsolidatedMods", "Source\ConsolidatedMods\ConsolidatedMods.csproj", "{180B9780-4DAE-46D3-AE1E-6CD784E39698}"
EndProject
Global
	GlobalSection(SolutionConfigurationPlatforms) = preSolution
		Debug|Any CPU = Debug|Any CPU
		Release|Any CPU = Release|Any CPU
	EndGlobalSection
	GlobalSection(ProjectConfigurationPlatforms) = postSolution
		{180B9780-4DAE-46D3-AE1E-6CD784E39698}.Debug|Any CPU.ActiveCfg = Debug|Any CPU
		{180B9780-4DAE-46D3-AE1E-6CD784E39698}.Debug|Any CPU.Build.0 = Debug|Any CPU
		{180B9780-4DAE-46D3-AE1E-6CD784E39698}.Release|Any CPU.ActiveCfg = Release|Any CPU
		{180B9780-4DAE-46D3-AE1E-6CD784E39698}.Release|Any CPU.Build.0 = Release|Any CPU
	EndGlobalSection
	GlobalSection(SolutionProperties) = preSolution
		HideSolutionNode = FALSE
	EndGlobalSection
	GlobalSection(ExtensibilityGlobals) = postSolution
		SolutionGuid = {D02786CD-6144-495D-8CA7-81D96F084078}
	EndGlobalSection
EndGlobal
